
Microsoft Visual Studio Solution File, Format Version 12.00
# Visual Studio 2013
VisualStudioVersion = 12.0.30501.0
MinimumVisualStudioVersion = 10.0.40219.1
Project("{2150E333-8FDC-42A3-9474-1A3956D46DE8}") = "BusinessObjects", "BusinessObjects", "{D0E1CD58-E4EC-4F98-A78A-7A55BC5BFACE}"
EndProject
Project("{FAE04EC0-301F-11D3-BF4B-00C04F79EFBC}") = "SportPoint.Server.Entities", "SportPoint.Server.Entities\SportPoint.Server.Entities.csproj", "{DB26AFCF-ABBD-450B-A8DA-201CF4E84258}"
EndProject
Project("{FAE04EC0-301F-11D3-BF4B-00C04F79EFBC}") = "SportPoint.Server.Dao", "SportPoint.Server.Dao\SportPoint.Server.Dao.csproj", "{B4671D60-D0D6-448B-93C8-6D054BA93B5B}"
EndProject
Project("{FAE04EC0-301F-11D3-BF4B-00C04F79EFBC}") = "SportPoint.Server.Business", "SportPoint.Server.Business\SportPoint.Server.Business.csproj", "{072868CF-0B54-436E-A2AD-822ECF4B464E}"
EndProject
Project("{2150E333-8FDC-42A3-9474-1A3956D46DE8}") = "Portal", "Portal", "{A84F8EF4-C5FB-4882-8FF9-39ABAA0C447B}"
EndProject
Project("{FAE04EC0-301F-11D3-BF4B-00C04F79EFBC}") = "SportPoint.Server.Portal", "SportPoint.Server.Portal\SportPoint.Server.Portal.csproj", "{8799F250-2054-4266-844E-C5D844ADD4CF}"
EndProject
Project("{FAE04EC0-301F-11D3-BF4B-00C04F79EFBC}") = "SportPoint.Server.Dao.EF", "SportPoint.Server.Dao.EF\SportPoint.Server.Dao.EF.csproj", "{DE6A7DE8-7C35-4BB8-8456-477A61E62B6C}"
EndProject
Project("{2150E333-8FDC-42A3-9474-1A3956D46DE8}") = "Database", "Database", "{2B462968-4CDD-4BBD-A22E-44621382561C}"
	ProjectSection(SolutionItems) = preProject
		database\DB.xml = database\DB.xml
	EndProjectSection
EndProject
Project("{FAE04EC0-301F-11D3-BF4B-00C04F79EFBC}") = "SportPoint.Server.Services", "SportPoint.Server.Services\SportPoint.Server.Services.csproj", "{8517F720-AAAD-468C-AA8B-2CC036C99019}"
EndProject
Project("{FAE04EC0-301F-11D3-BF4B-00C04F79EFBC}") = "SportPoint.Server.Integration", "SportPoint.Server.Integration\SportPoint.Server.Integration.csproj", "{37DCF071-4B39-4ACF-AE21-6D4D24DB3BAA}"
EndProject
Global
	GlobalSection(SolutionConfigurationPlatforms) = preSolution
		Debug|Any CPU = Debug|Any CPU
		Release|Any CPU = Release|Any CPU
	EndGlobalSection
	GlobalSection(ProjectConfigurationPlatforms) = postSolution
		{DB26AFCF-ABBD-450B-A8DA-201CF4E84258}.Debug|Any CPU.ActiveCfg = Debug|Any CPU
		{DB26AFCF-ABBD-450B-A8DA-201CF4E84258}.Debug|Any CPU.Build.0 = Debug|Any CPU
		{DB26AFCF-ABBD-450B-A8DA-201CF4E84258}.Release|Any CPU.ActiveCfg = Release|Any CPU
		{DB26AFCF-ABBD-450B-A8DA-201CF4E84258}.Release|Any CPU.Build.0 = Release|Any CPU
		{B4671D60-D0D6-448B-93C8-6D054BA93B5B}.Debug|Any CPU.ActiveCfg = Debug|Any CPU
		{B4671D60-D0D6-448B-93C8-6D054BA93B5B}.Debug|Any CPU.Build.0 = Debug|Any CPU
		{B4671D60-D0D6-448B-93C8-6D054BA93B5B}.Release|Any CPU.ActiveCfg = Release|Any CPU
		{B4671D60-D0D6-448B-93C8-6D054BA93B5B}.Release|Any CPU.Build.0 = Release|Any CPU
		{072868CF-0B54-436E-A2AD-822ECF4B464E}.Debug|Any CPU.ActiveCfg = Debug|Any CPU
		{072868CF-0B54-436E-A2AD-822ECF4B464E}.Debug|Any CPU.Build.0 = Debug|Any CPU
		{072868CF-0B54-436E-A2AD-822ECF4B464E}.Release|Any CPU.ActiveCfg = Release|Any CPU
		{072868CF-0B54-436E-A2AD-822ECF4B464E}.Release|Any CPU.Build.0 = Release|Any CPU
		{8799F250-2054-4266-844E-C5D844ADD4CF}.Debug|Any CPU.ActiveCfg = Debug|Any CPU
		{8799F250-2054-4266-844E-C5D844ADD4CF}.Debug|Any CPU.Build.0 = Debug|Any CPU
		{8799F250-2054-4266-844E-C5D844ADD4CF}.Release|Any CPU.ActiveCfg = Release|Any CPU
		{8799F250-2054-4266-844E-C5D844ADD4CF}.Release|Any CPU.Build.0 = Release|Any CPU
		{DE6A7DE8-7C35-4BB8-8456-477A61E62B6C}.Debug|Any CPU.ActiveCfg = Debug|Any CPU
		{DE6A7DE8-7C35-4BB8-8456-477A61E62B6C}.Debug|Any CPU.Build.0 = Debug|Any CPU
		{DE6A7DE8-7C35-4BB8-8456-477A61E62B6C}.Release|Any CPU.ActiveCfg = Release|Any CPU
		{DE6A7DE8-7C35-4BB8-8456-477A61E62B6C}.Release|Any CPU.Build.0 = Release|Any CPU
		{8517F720-AAAD-468C-AA8B-2CC036C99019}.Debug|Any CPU.ActiveCfg = Debug|Any CPU
		{8517F720-AAAD-468C-AA8B-2CC036C99019}.Debug|Any CPU.Build.0 = Debug|Any CPU
		{8517F720-AAAD-468C-AA8B-2CC036C99019}.Release|Any CPU.ActiveCfg = Release|Any CPU
		{8517F720-AAAD-468C-AA8B-2CC036C99019}.Release|Any CPU.Build.0 = Release|Any CPU
		{37DCF071-4B39-4ACF-AE21-6D4D24DB3BAA}.Debug|Any CPU.ActiveCfg = Debug|Any CPU
		{37DCF071-4B39-4ACF-AE21-6D4D24DB3BAA}.Debug|Any CPU.Build.0 = Debug|Any CPU
		{37DCF071-4B39-4ACF-AE21-6D4D24DB3BAA}.Release|Any CPU.ActiveCfg = Release|Any CPU
		{37DCF071-4B39-4ACF-AE21-6D4D24DB3BAA}.Release|Any CPU.Build.0 = Release|Any CPU
	EndGlobalSection
	GlobalSection(SolutionProperties) = preSolution
		HideSolutionNode = FALSE
	EndGlobalSection
	GlobalSection(NestedProjects) = preSolution
		{DB26AFCF-ABBD-450B-A8DA-201CF4E84258} = {D0E1CD58-E4EC-4F98-A78A-7A55BC5BFACE}
		{B4671D60-D0D6-448B-93C8-6D054BA93B5B} = {D0E1CD58-E4EC-4F98-A78A-7A55BC5BFACE}
		{072868CF-0B54-436E-A2AD-822ECF4B464E} = {D0E1CD58-E4EC-4F98-A78A-7A55BC5BFACE}
		{8799F250-2054-4266-844E-C5D844ADD4CF} = {A84F8EF4-C5FB-4882-8FF9-39ABAA0C447B}
		{DE6A7DE8-7C35-4BB8-8456-477A61E62B6C} = {D0E1CD58-E4EC-4F98-A78A-7A55BC5BFACE}
		{8517F720-AAAD-468C-AA8B-2CC036C99019} = {A84F8EF4-C5FB-4882-8FF9-39ABAA0C447B}
		{37DCF071-4B39-4ACF-AE21-6D4D24DB3BAA} = {D0E1CD58-E4EC-4F98-A78A-7A55BC5BFACE}
	EndGlobalSection
EndGlobal
