
Microsoft Visual Studio Solution File, Format Version 12.00
# Visual Studio 2013
VisualStudioVersion = 12.0.30723.0
MinimumVisualStudioVersion = 10.0.40219.1
Project("{2150E333-8FDC-42A3-9474-1A3956D46DE8}") = "BusinessObjects", "BusinessObjects", "{D0E1CD58-E4EC-4F98-A78A-7A55BC5BFACE}"
EndProject
Project("{FAE04EC0-301F-11D3-BF4B-00C04F79EFBC}") = "SportPoint.Server.Entities", "SportPoint.Server.Entities\SportPoint.Server.Entities.csproj", "{DB26AFCF-ABBD-450B-A8DA-201CF4E84258}"
EndProject
Project("{FAE04EC0-301F-11D3-BF4B-00C04F79EFBC}") = "SportPoint.Server.Dao", "SportPoint.Server.Dao\SportPoint.Server.Dao.csproj", "{B4671D60-D0D6-448B-93C8-6D054BA93B5B}"
EndProject
Project("{FAE04EC0-301F-11D3-BF4B-00C04F79EFBC}") = "SportPoint.Server.Business", "SportPoint.Server.Business\SportPoint.Server.Business.csproj", "{072868CF-0B54-436E-A2AD-822ECF4B464E}"
EndProject
Project("{2150E333-8FDC-42A3-9474-1A3956D46DE8}") = "Portal", "Portal", "{A84F8EF4-C5FB-4882-8FF9-39ABAA0C447B}"
EndProject
Project("{FAE04EC0-301F-11D3-BF4B-00C04F79EFBC}") = "SportPoint.Server.Portal", "SportPoint.Server.Portal\SportPoint.Server.Portal.csproj", "{8799F250-2054-4266-844E-C5D844ADD4CF}"
EndProject
Project("{FAE04EC0-301F-11D3-BF4B-00C04F79EFBC}") = "SportPoint.Server.Dao.EF", "SportPoint.Server.Dao.EF\SportPoint.Server.Dao.EF.csproj", "{DE6A7DE8-7C35-4BB8-8456-477A61E62B6C}"
EndProject
Project("{2150E333-8FDC-42A3-9474-1A3956D46DE8}") = "Database", "Database", "{2B462968-4CDD-4BBD-A22E-44621382561C}"
	ProjectSection(SolutionItems) = preProject
		database\DB.xml = database\DB.xml
	EndProjectSection
EndProject
Project("{FAE04EC0-301F-11D3-BF4B-00C04F79EFBC}") = "SportPoint.Server.Services", "SportPoint.Server.Services\SportPoint.Server.Services.csproj", "{8517F720-AAAD-468C-AA8B-2CC036C99019}"
EndProject
Project("{FAE04EC0-301F-11D3-BF4B-00C04F79EFBC}") = "SportPoint.Server.Integration", "SportPoint.Server.Integration\SportPoint.Server.Integration.csproj", "{37DCF071-4B39-4ACF-AE21-6D4D24DB3BAA}"
EndProject
Project("{FAE04EC0-301F-11D3-BF4B-00C04F79EFBC}") = "SportPoint.Server.Resources", "SportPoint.Server.Resources\SportPoint.Server.Resources.csproj", "{370136BE-793C-473D-8F73-666A7E2E5D93}"
EndProject
Project("{2150E333-8FDC-42A3-9474-1A3956D46DE8}") = "Utils", "Utils", "{9CD4F45A-902A-4BAE-BA3D-ACF04E4D6038}"
EndProject
Project("{2150E333-8FDC-42A3-9474-1A3956D46DE8}") = "Items", "Items", "{CEB978BF-A7BB-4D86-8720-2627FF3FA4CA}"
EndProject
Project("{2150E333-8FDC-42A3-9474-1A3956D46DE8}") = "ReferencedComponents", "ReferencedComponents", "{2F02CD15-3BFD-4B9C-8946-893FEBA4D27D}"
EndProject
Project("{2150E333-8FDC-42A3-9474-1A3956D46DE8}") = "log4net", "log4net", "{8437D302-E0CA-459E-A156-F7A3A2C98F6E}"
	ProjectSection(SolutionItems) = preProject
		ReferencedComponents\log4net\log4net.dll = ReferencedComponents\log4net\log4net.dll
	EndProjectSection
EndProject
Project("{2150E333-8FDC-42A3-9474-1A3956D46DE8}") = "NUnit", "NUnit", "{FCF68581-BC65-4E5D-B651-B20597545293}"
	ProjectSection(SolutionItems) = preProject
		ReferencedComponents\nunit\mock-assembly.exe = ReferencedComponents\nunit\mock-assembly.exe
		ReferencedComponents\nunit\nunit.framework.dll = ReferencedComponents\nunit\nunit.framework.dll
		ReferencedComponents\nunit\nunit.framework.tests.dll = ReferencedComponents\nunit\nunit.framework.tests.dll
		ReferencedComponents\nunit\nunit.framework.xml = ReferencedComponents\nunit\nunit.framework.xml
		ReferencedComponents\nunit\nunit.testdata.dll = ReferencedComponents\nunit\nunit.testdata.dll
		ReferencedComponents\nunit\nunitlite-runner.exe = ReferencedComponents\nunit\nunitlite-runner.exe
		ReferencedComponents\nunit\nunitlite.dll = ReferencedComponents\nunit\nunitlite.dll
		ReferencedComponents\nunit\nunitlite.tests.exe = ReferencedComponents\nunit\nunitlite.tests.exe
		ReferencedComponents\nunit\slow-nunit-tests.dll = ReferencedComponents\nunit\slow-nunit-tests.dll
	EndProjectSection
EndProject
Project("{2150E333-8FDC-42A3-9474-1A3956D46DE8}") = "Tests", "Tests", "{0284002A-3206-474A-BCD6-AC135CD0F3F7}"
EndProject
Project("{2150E333-8FDC-42A3-9474-1A3956D46DE8}") = "Info", "Info", "{70BE7CEE-2CA3-4350-B166-94E5DF065BBA}"
EndProject
Project("{2150E333-8FDC-42A3-9474-1A3956D46DE8}") = "Sandcastle", "Sandcastle", "{5D31134F-A0B9-4F36-8F0F-347AAD5D8CAF}"
EndProject
Project("{2150E333-8FDC-42A3-9474-1A3956D46DE8}") = "Build", "Build", "{CEE3F4A6-54D9-456E-B709-72BB1E9694FC}"
	ProjectSection(SolutionItems) = preProject
		sportpoint.build = sportpoint.build
	EndProjectSection
EndProject
Project("{2150E333-8FDC-42A3-9474-1A3956D46DE8}") = "Documentation", "Documentation", "{B5E1042C-9940-4AFC-8083-2EADA2EC269D}"
EndProject
Project("{2150E333-8FDC-42A3-9474-1A3956D46DE8}") = "FxCop", "FxCop", "{BF9D4671-9E4E-4253-90C3-A42420963F38}"
EndProject
Project("{2150E333-8FDC-42A3-9474-1A3956D46DE8}") = "UserGuide", "UserGuide", "{22531FB2-DEDF-4BF8-A743-8A96598C730D}"
EndProject
Project("{2150E333-8FDC-42A3-9474-1A3956D46DE8}") = "SourceMonitor", "SourceMonitor", "{24185EB0-9565-4746-8526-F65F7CFAE4BC}"
EndProject
Project("{2150E333-8FDC-42A3-9474-1A3956D46DE8}") = "Documents", "Documents", "{A7A95DDB-30D0-43DF-8CE2-99C9A03768FA}"
EndProject
Project("{2150E333-8FDC-42A3-9474-1A3956D46DE8}") = "Install", "Install", "{F5011A9C-4A04-43FD-8BEE-82E52B2B623C}"
EndProject
Project("{2150E333-8FDC-42A3-9474-1A3956D46DE8}") = "SolutionItems", "SolutionItems", "{6B8EBF24-E3EB-497A-92F5-F4E2D32F003B}"
EndProject
Project("{FAE04EC0-301F-11D3-BF4B-00C04F79EFBC}") = "SportPoint.Server.LogManager", "SportPoint.Server.LogManager\SportPoint.Server.LogManager.csproj", "{27E53026-E47A-40CE-9410-38957931C7F5}"
EndProject
Project("{FAE04EC0-301F-11D3-BF4B-00C04F79EFBC}") = "SportPoint.Server.Dao.Collection", "SportPoint.Server.Dao.Collection\SportPoint.Server.Dao.Collection.csproj", "{FAD5670F-A766-4EC1-9786-ABCDD2535A6F}"
EndProject
Project("{2150E333-8FDC-42A3-9474-1A3956D46DE8}") = "DAO", "DAO", "{C29D54AD-2FBA-4D4B-B93C-3C3F8B9FE150}"
EndProject
Project("{00D1A9C2-B5F0-4AF3-8072-F6C62B433612}") = "SportPoint.Server.Database.SqlServer", "SportPoint.Server.Database.SqlServer\SportPoint.Server.Database.SqlServer.sqlproj", "{32AAA5FC-F0F0-4257-9202-FEEF42A87820}"
EndProject
Project("{2150E333-8FDC-42A3-9474-1A3956D46DE8}") = ".nuget", ".nuget", "{BC0B6087-8CEC-4C82-98BB-1FCC7465B4F3}"
	ProjectSection(SolutionItems) = preProject
		.nuget\NuGet.Config = .nuget\NuGet.Config
		.nuget\NuGet.exe = .nuget\NuGet.exe
		.nuget\NuGet.targets = .nuget\NuGet.targets
	EndProjectSection
EndProject
Project("{FAE04EC0-301F-11D3-BF4B-00C04F79EFBC}") = "SportPoint.Server.TestsVS", "SportPoint.Server.TestsVS\SportPoint.Server.TestsVS.csproj", "{60A94B63-41AA-4648-9F77-971F3F38961E}"
EndProject
Project("{FAE04EC0-301F-11D3-BF4B-00C04F79EFBC}") = "SportPoint.Server.Tests.Debug", "SportPoint.Server.Tests.Debug\SportPoint.Server.Tests.Debug.csproj", "{153AAFAE-219A-42E5-BB48-BF70B339F47F}"
EndProject
Project("{FAE04EC0-301F-11D3-BF4B-00C04F79EFBC}") = "SportPoint.Server.TestsVS.Functional", "SportPoint.Server.TestsVS.Functional\SportPoint.Server.TestsVS.Functional.csproj", "{C71B3A33-18E9-47A2-9D39-416B4D3A771C}"
EndProject
Global
	GlobalSection(SolutionConfigurationPlatforms) = preSolution
		Debug|Any CPU = Debug|Any CPU
		Release|Any CPU = Release|Any CPU
	EndGlobalSection
	GlobalSection(ProjectConfigurationPlatforms) = postSolution
		{DB26AFCF-ABBD-450B-A8DA-201CF4E84258}.Debug|Any CPU.ActiveCfg = Debug|Any CPU
		{DB26AFCF-ABBD-450B-A8DA-201CF4E84258}.Debug|Any CPU.Build.0 = Debug|Any CPU
		{DB26AFCF-ABBD-450B-A8DA-201CF4E84258}.Release|Any CPU.ActiveCfg = Release|Any CPU
		{DB26AFCF-ABBD-450B-A8DA-201CF4E84258}.Release|Any CPU.Build.0 = Release|Any CPU
		{B4671D60-D0D6-448B-93C8-6D054BA93B5B}.Debug|Any CPU.ActiveCfg = Debug|Any CPU
		{B4671D60-D0D6-448B-93C8-6D054BA93B5B}.Debug|Any CPU.Build.0 = Debug|Any CPU
		{B4671D60-D0D6-448B-93C8-6D054BA93B5B}.Release|Any CPU.ActiveCfg = Release|Any CPU
		{B4671D60-D0D6-448B-93C8-6D054BA93B5B}.Release|Any CPU.Build.0 = Release|Any CPU
		{072868CF-0B54-436E-A2AD-822ECF4B464E}.Debug|Any CPU.ActiveCfg = Debug|Any CPU
		{072868CF-0B54-436E-A2AD-822ECF4B464E}.Debug|Any CPU.Build.0 = Debug|Any CPU
		{072868CF-0B54-436E-A2AD-822ECF4B464E}.Release|Any CPU.ActiveCfg = Release|Any CPU
		{072868CF-0B54-436E-A2AD-822ECF4B464E}.Release|Any CPU.Build.0 = Release|Any CPU
		{8799F250-2054-4266-844E-C5D844ADD4CF}.Debug|Any CPU.ActiveCfg = Debug|Any CPU
		{8799F250-2054-4266-844E-C5D844ADD4CF}.Debug|Any CPU.Build.0 = Debug|Any CPU
		{8799F250-2054-4266-844E-C5D844ADD4CF}.Release|Any CPU.ActiveCfg = Release|Any CPU
		{8799F250-2054-4266-844E-C5D844ADD4CF}.Release|Any CPU.Build.0 = Release|Any CPU
		{DE6A7DE8-7C35-4BB8-8456-477A61E62B6C}.Debug|Any CPU.ActiveCfg = Debug|Any CPU
		{DE6A7DE8-7C35-4BB8-8456-477A61E62B6C}.Debug|Any CPU.Build.0 = Debug|Any CPU
		{DE6A7DE8-7C35-4BB8-8456-477A61E62B6C}.Release|Any CPU.ActiveCfg = Release|Any CPU
		{DE6A7DE8-7C35-4BB8-8456-477A61E62B6C}.Release|Any CPU.Build.0 = Release|Any CPU
		{8517F720-AAAD-468C-AA8B-2CC036C99019}.Debug|Any CPU.ActiveCfg = Debug|Any CPU
		{8517F720-AAAD-468C-AA8B-2CC036C99019}.Debug|Any CPU.Build.0 = Debug|Any CPU
		{8517F720-AAAD-468C-AA8B-2CC036C99019}.Release|Any CPU.ActiveCfg = Release|Any CPU
		{8517F720-AAAD-468C-AA8B-2CC036C99019}.Release|Any CPU.Build.0 = Release|Any CPU
		{37DCF071-4B39-4ACF-AE21-6D4D24DB3BAA}.Debug|Any CPU.ActiveCfg = Debug|Any CPU
		{37DCF071-4B39-4ACF-AE21-6D4D24DB3BAA}.Debug|Any CPU.Build.0 = Debug|Any CPU
		{37DCF071-4B39-4ACF-AE21-6D4D24DB3BAA}.Release|Any CPU.ActiveCfg = Release|Any CPU
		{37DCF071-4B39-4ACF-AE21-6D4D24DB3BAA}.Release|Any CPU.Build.0 = Release|Any CPU
		{370136BE-793C-473D-8F73-666A7E2E5D93}.Debug|Any CPU.ActiveCfg = Debug|Any CPU
		{370136BE-793C-473D-8F73-666A7E2E5D93}.Debug|Any CPU.Build.0 = Debug|Any CPU
		{370136BE-793C-473D-8F73-666A7E2E5D93}.Release|Any CPU.ActiveCfg = Release|Any CPU
		{370136BE-793C-473D-8F73-666A7E2E5D93}.Release|Any CPU.Build.0 = Release|Any CPU
		{27E53026-E47A-40CE-9410-38957931C7F5}.Debug|Any CPU.ActiveCfg = Debug|Any CPU
		{27E53026-E47A-40CE-9410-38957931C7F5}.Debug|Any CPU.Build.0 = Debug|Any CPU
		{27E53026-E47A-40CE-9410-38957931C7F5}.Release|Any CPU.ActiveCfg = Release|Any CPU
		{27E53026-E47A-40CE-9410-38957931C7F5}.Release|Any CPU.Build.0 = Release|Any CPU
		{FAD5670F-A766-4EC1-9786-ABCDD2535A6F}.Debug|Any CPU.ActiveCfg = Debug|Any CPU
		{FAD5670F-A766-4EC1-9786-ABCDD2535A6F}.Debug|Any CPU.Build.0 = Debug|Any CPU
		{FAD5670F-A766-4EC1-9786-ABCDD2535A6F}.Release|Any CPU.ActiveCfg = Release|Any CPU
		{FAD5670F-A766-4EC1-9786-ABCDD2535A6F}.Release|Any CPU.Build.0 = Release|Any CPU
		{32AAA5FC-F0F0-4257-9202-FEEF42A87820}.Debug|Any CPU.ActiveCfg = Debug|Any CPU
		{32AAA5FC-F0F0-4257-9202-FEEF42A87820}.Debug|Any CPU.Build.0 = Debug|Any CPU
		{32AAA5FC-F0F0-4257-9202-FEEF42A87820}.Debug|Any CPU.Deploy.0 = Debug|Any CPU
		{32AAA5FC-F0F0-4257-9202-FEEF42A87820}.Release|Any CPU.ActiveCfg = Release|Any CPU
		{32AAA5FC-F0F0-4257-9202-FEEF42A87820}.Release|Any CPU.Build.0 = Release|Any CPU
		{32AAA5FC-F0F0-4257-9202-FEEF42A87820}.Release|Any CPU.Deploy.0 = Release|Any CPU
		{60A94B63-41AA-4648-9F77-971F3F38961E}.Debug|Any CPU.ActiveCfg = Debug|Any CPU
		{60A94B63-41AA-4648-9F77-971F3F38961E}.Debug|Any CPU.Build.0 = Debug|Any CPU
		{60A94B63-41AA-4648-9F77-971F3F38961E}.Release|Any CPU.ActiveCfg = Release|Any CPU
		{60A94B63-41AA-4648-9F77-971F3F38961E}.Release|Any CPU.Build.0 = Release|Any CPU
		{153AAFAE-219A-42E5-BB48-BF70B339F47F}.Debug|Any CPU.ActiveCfg = Debug|Any CPU
		{153AAFAE-219A-42E5-BB48-BF70B339F47F}.Debug|Any CPU.Build.0 = Debug|Any CPU
		{153AAFAE-219A-42E5-BB48-BF70B339F47F}.Release|Any CPU.ActiveCfg = Release|Any CPU
		{153AAFAE-219A-42E5-BB48-BF70B339F47F}.Release|Any CPU.Build.0 = Release|Any CPU
		{C71B3A33-18E9-47A2-9D39-416B4D3A771C}.Debug|Any CPU.ActiveCfg = Debug|Any CPU
		{C71B3A33-18E9-47A2-9D39-416B4D3A771C}.Debug|Any CPU.Build.0 = Debug|Any CPU
		{C71B3A33-18E9-47A2-9D39-416B4D3A771C}.Release|Any CPU.ActiveCfg = Release|Any CPU
		{C71B3A33-18E9-47A2-9D39-416B4D3A771C}.Release|Any CPU.Build.0 = Release|Any CPU
	EndGlobalSection
	GlobalSection(SolutionProperties) = preSolution
		HideSolutionNode = FALSE
	EndGlobalSection
	GlobalSection(NestedProjects) = preSolution
		{DB26AFCF-ABBD-450B-A8DA-201CF4E84258} = {D0E1CD58-E4EC-4F98-A78A-7A55BC5BFACE}
		{B4671D60-D0D6-448B-93C8-6D054BA93B5B} = {D0E1CD58-E4EC-4F98-A78A-7A55BC5BFACE}
		{072868CF-0B54-436E-A2AD-822ECF4B464E} = {D0E1CD58-E4EC-4F98-A78A-7A55BC5BFACE}
		{8799F250-2054-4266-844E-C5D844ADD4CF} = {A84F8EF4-C5FB-4882-8FF9-39ABAA0C447B}
		{DE6A7DE8-7C35-4BB8-8456-477A61E62B6C} = {C29D54AD-2FBA-4D4B-B93C-3C3F8B9FE150}
		{8517F720-AAAD-468C-AA8B-2CC036C99019} = {A84F8EF4-C5FB-4882-8FF9-39ABAA0C447B}
		{37DCF071-4B39-4ACF-AE21-6D4D24DB3BAA} = {D0E1CD58-E4EC-4F98-A78A-7A55BC5BFACE}
		{370136BE-793C-473D-8F73-666A7E2E5D93} = {9CD4F45A-902A-4BAE-BA3D-ACF04E4D6038}
		{2F02CD15-3BFD-4B9C-8946-893FEBA4D27D} = {CEB978BF-A7BB-4D86-8720-2627FF3FA4CA}
		{8437D302-E0CA-459E-A156-F7A3A2C98F6E} = {2F02CD15-3BFD-4B9C-8946-893FEBA4D27D}
		{FCF68581-BC65-4E5D-B651-B20597545293} = {2F02CD15-3BFD-4B9C-8946-893FEBA4D27D}
		{5D31134F-A0B9-4F36-8F0F-347AAD5D8CAF} = {70BE7CEE-2CA3-4350-B166-94E5DF065BBA}
		{B5E1042C-9940-4AFC-8083-2EADA2EC269D} = {70BE7CEE-2CA3-4350-B166-94E5DF065BBA}
		{BF9D4671-9E4E-4253-90C3-A42420963F38} = {70BE7CEE-2CA3-4350-B166-94E5DF065BBA}
		{22531FB2-DEDF-4BF8-A743-8A96598C730D} = {70BE7CEE-2CA3-4350-B166-94E5DF065BBA}
		{24185EB0-9565-4746-8526-F65F7CFAE4BC} = {70BE7CEE-2CA3-4350-B166-94E5DF065BBA}
		{A7A95DDB-30D0-43DF-8CE2-99C9A03768FA} = {70BE7CEE-2CA3-4350-B166-94E5DF065BBA}
		{F5011A9C-4A04-43FD-8BEE-82E52B2B623C} = {70BE7CEE-2CA3-4350-B166-94E5DF065BBA}
		{6B8EBF24-E3EB-497A-92F5-F4E2D32F003B} = {70BE7CEE-2CA3-4350-B166-94E5DF065BBA}
		{27E53026-E47A-40CE-9410-38957931C7F5} = {9CD4F45A-902A-4BAE-BA3D-ACF04E4D6038}
		{FAD5670F-A766-4EC1-9786-ABCDD2535A6F} = {C29D54AD-2FBA-4D4B-B93C-3C3F8B9FE150}
		{C29D54AD-2FBA-4D4B-B93C-3C3F8B9FE150} = {D0E1CD58-E4EC-4F98-A78A-7A55BC5BFACE}
		{32AAA5FC-F0F0-4257-9202-FEEF42A87820} = {2B462968-4CDD-4BBD-A22E-44621382561C}
		{60A94B63-41AA-4648-9F77-971F3F38961E} = {0284002A-3206-474A-BCD6-AC135CD0F3F7}
		{153AAFAE-219A-42E5-BB48-BF70B339F47F} = {0284002A-3206-474A-BCD6-AC135CD0F3F7}
		{C71B3A33-18E9-47A2-9D39-416B4D3A771C} = {0284002A-3206-474A-BCD6-AC135CD0F3F7}
	EndGlobalSection
EndGlobal
